
Microsoft Visual Studio Solution File, Format Version 12.00
# Visual Studio Version 17
VisualStudioVersion = 17.8.34316.72
MinimumVisualStudioVersion = 10.0.40219.1
Project("{FAE04EC0-301F-11D3-BF4B-00C04F79EFBC}") = "AdventOfCode2023_19", "AdventOfCode2023_19\AdventOfCode2023_19.csproj", "{B3632162-CAA7-4A32-9E08-36B4ECE4531D}"
EndProject
Global
	GlobalSection(SolutionConfigurationPlatforms) = preSolution
		Debug|Any CPU = Debug|Any CPU
		Release|Any CPU = Release|Any CPU
	EndGlobalSection
	GlobalSection(ProjectConfigurationPlatforms) = postSolution
		{B3632162-CAA7-4A32-9E08-36B4ECE4531D}.Debug|Any CPU.ActiveCfg = Debug|Any CPU
		{B3632162-CAA7-4A32-9E08-36B4ECE4531D}.Debug|Any CPU.Build.0 = Debug|Any CPU
		{B3632162-CAA7-4A32-9E08-36B4ECE4531D}.Release|Any CPU.ActiveCfg = Release|Any CPU
		{B3632162-CAA7-4A32-9E08-36B4ECE4531D}.Release|Any CPU.Build.0 = Release|Any CPU
	EndGlobalSection
	GlobalSection(SolutionProperties) = preSolution
		HideSolutionNode = FALSE
	EndGlobalSection
	GlobalSection(ExtensibilityGlobals) = postSolution
		SolutionGuid = {EC62F231-1453-4602-A0D2-F8308E2A7D04}
	EndGlobalSection
EndGlobal
